
Microsoft Visual Studio Solution File, Format Version 12.00
# Visual Studio 14
VisualStudioVersion = 14.0.23107.0
MinimumVisualStudioVersion = 10.0.40219.1
Project("{2150E333-8FDC-42A3-9474-1A3956D46DE8}") = "src", "src", "{A9836F9E-6DB3-4D9F-ADCA-CF42D8C8BA93}"
EndProject
Project("{FAE04EC0-301F-11D3-BF4B-00C04F79EFBC}") = "System.Web.Razor", "src\System.Web.Razor\System.Web.Razor.csproj", "{8F18041B-9410-4C36-A9C5-067813DF5F31}"
EndProject
Project("{FAE04EC0-301F-11D3-BF4B-00C04F79EFBC}") = "System.Web.WebPages.Deployment", "src\System.Web.WebPages.Deployment\System.Web.WebPages.Deployment.csproj", "{22BABB60-8F02-4027-AFFC-ACF069954536}"
EndProject
Project("{FAE04EC0-301F-11D3-BF4B-00C04F79EFBC}") = "System.Web.WebPages", "src\System.Web.WebPages\System.Web.WebPages.csproj", "{76EFA9C5-8D7E-4FDF-B710-E20F8B6B00D2}"
EndProject
Project("{FAE04EC0-301F-11D3-BF4B-00C04F79EFBC}") = "System.Web.Helpers", "src\System.Web.Helpers\System.Web.Helpers.csproj", "{9B7E3740-6161-4548-833C-4BBCA43B970E}"
EndProject
Project("{FAE04EC0-301F-11D3-BF4B-00C04F79EFBC}") = "System.Web.WebPages.Razor", "src\System.Web.WebPages.Razor\System.Web.WebPages.Razor.csproj", "{0939B11A-FE4E-4BA1-8AD6-D97741EE314F}"
EndProject
Project("{FAE04EC0-301F-11D3-BF4B-00C04F79EFBC}") = "WebMatrix.Data", "src\WebMatrix.Data\WebMatrix.Data.csproj", "{4D39BAAF-8A96-473E-AB79-C8A341885137}"
EndProject
Project("{FAE04EC0-301F-11D3-BF4B-00C04F79EFBC}") = "WebMatrix.WebData", "src\WebMatrix.WebData\WebMatrix.WebData.csproj", "{55A15F40-1435-4248-A7F2-2A146BB83586}"
EndProject
Project("{FAE04EC0-301F-11D3-BF4B-00C04F79EFBC}") = "Microsoft.Web.Helpers", "src\Microsoft.Web.Helpers\Microsoft.Web.Helpers.csproj", "{0C7CE809-0F72-4C19-8C64-D6573E4D9521}"
EndProject
Project("{FAE04EC0-301F-11D3-BF4B-00C04F79EFBC}") = "System.Web.WebPages.Administration", "src\System.Web.WebPages.Administration\System.Web.WebPages.Administration.csproj", "{C23F02FC-4538-43F5-ABBA-38BA069AEA8F}"
EndProject
Project("{FAE04EC0-301F-11D3-BF4B-00C04F79EFBC}") = "System.Web.Mvc", "src\System.Web.Mvc\System.Web.Mvc.csproj", "{3D3FFD8A-624D-4E9B-954B-E1C105507975}"
EndProject
Project("{FAE04EC0-301F-11D3-BF4B-00C04F79EFBC}") = "Microsoft.Web.Mvc", "src\Microsoft.Web.Mvc\Microsoft.Web.Mvc.csproj", "{D3CF7430-6DA4-42B0-BD90-CA39D16687B2}"
EndProject
Project("{FAE04EC0-301F-11D3-BF4B-00C04F79EFBC}") = "System.Web.Http", "src\System.Web.Http\System.Web.Http.csproj", "{DDC1CE0C-486E-4E35-BB3B-EAB61F8F9440}"
EndProject
Project("{FAE04EC0-301F-11D3-BF4B-00C04F79EFBC}") = "System.Net.Http.Formatting", "src\System.Net.Http.Formatting\System.Net.Http.Formatting.csproj", "{668E9021-CE84-49D9-98FB-DF125A9FCDB0}"
EndProject
Project("{FAE04EC0-301F-11D3-BF4B-00C04F79EFBC}") = "System.Web.Http.SelfHost", "src\System.Web.Http.SelfHost\System.Web.Http.SelfHost.csproj", "{66492E69-CE4C-4FB1-9B1F-88DEE09D06F1}"
EndProject
Project("{FAE04EC0-301F-11D3-BF4B-00C04F79EFBC}") = "System.Web.Http.WebHost", "src\System.Web.Http.WebHost\System.Web.Http.WebHost.csproj", "{A0187BC2-8325-4BB2-8697-7F955CF4173E}"
EndProject
Project("{FAE04EC0-301F-11D3-BF4B-00C04F79EFBC}") = "Microsoft.Web.WebPages.OAuth", "src\Microsoft.Web.WebPages.OAuth\Microsoft.Web.WebPages.OAuth.csproj", "{4CBFC7D3-1600-4CE5-BC6B-AC7BC2D6F853}"
EndProject
Project("{FAE04EC0-301F-11D3-BF4B-00C04F79EFBC}") = "WebApiHelpPage", "src\WebApiHelpPage\WebApiHelpPage.csproj", "{FEDFE6CA-8282-4C5B-A756-E97189690982}"
EndProject
Project("{FAE04EC0-301F-11D3-BF4B-00C04F79EFBC}") = "System.Web.Http.Tracing", "src\System.Web.Http.Tracing\System.Web.Http.Tracing.csproj", "{6E81EF98-8F5C-4EED-8B37-456991CA56FD}"
EndProject
Project("{FAE04EC0-301F-11D3-BF4B-00C04F79EFBC}") = "System.Web.Http.SignalR", "src\System.Web.Http.SignalR\System.Web.Http.SignalR.csproj", "{8A607AC9-E7DD-4B74-A0B1-47FC95B9838B}"
EndProject
Project("{FAE04EC0-301F-11D3-BF4B-00C04F79EFBC}") = "System.Web.Http.Owin", "src\System.Web.Http.Owin\System.Web.Http.Owin.csproj", "{66DD7CD7-C68F-4D0E-9F3D-3B58C49D1467}"
EndProject
Project("{2150E333-8FDC-42A3-9474-1A3956D46DE8}") = ".nuget", ".nuget", "{CB34D534-9A09-4EE4-B350-C1C23AFBF5EE}"
	ProjectSection(SolutionItems) = preProject
		.nuget\NuGet.Config = .nuget\NuGet.Config
		.nuget\packages.config = .nuget\packages.config
	EndProjectSection
EndProject
Project("{FAE04EC0-301F-11D3-BF4B-00C04F79EFBC}") = "System.Web.Cors", "src\System.Web.Cors\System.Web.Cors.csproj", "{43C1B979-D593-4A32-BB3A-4316F1C66D66}"
EndProject
Project("{FAE04EC0-301F-11D3-BF4B-00C04F79EFBC}") = "System.Web.Http.Cors", "src\System.Web.Http.Cors\System.Web.Http.Cors.csproj", "{25DEF6F6-7F99-4EB7-91ED-5181A346AFE1}"
EndProject
Project("{FAE04EC0-301F-11D3-BF4B-00C04F79EFBC}") = "Microsoft.AspNet.Facebook", "src\Microsoft.AspNet.Facebook\Microsoft.AspNet.Facebook.csproj", "{821A136C-7C6F-44C6-A9E6-C39B5BFB1483}"
EndProject
Project("{FAE04EC0-301F-11D3-BF4B-00C04F79EFBC}") = "StackExchange.Redis", "..\StackExchange.Redis\StackExchange.Redis\StackExchange.Redis.csproj", "{7CEC07F2-8C03-4C42-B048-738B215824C1}"
EndProject
Project("{FAE04EC0-301F-11D3-BF4B-00C04F79EFBC}") = "Wintellect.PowerCollections", "src\PowerCollections\Wintellect.PowerCollections.csproj", "{5821977D-AC2C-4912-BCD0-6E6B1A756167}"
EndProject
Global
	GlobalSection(SolutionConfigurationPlatforms) = preSolution
		CodeAnalysis|Any CPU = CodeAnalysis|Any CPU
		Debug|Any CPU = Debug|Any CPU
		Log Output|Any CPU = Log Output|Any CPU
		Mono|Any CPU = Mono|Any CPU
		Release|Any CPU = Release|Any CPU
		ReleaseSigned|Any CPU = ReleaseSigned|Any CPU
		Verbose|Any CPU = Verbose|Any CPU
	EndGlobalSection
	GlobalSection(ProjectConfigurationPlatforms) = postSolution
		{8F18041B-9410-4C36-A9C5-067813DF5F31}.CodeAnalysis|Any CPU.ActiveCfg = CodeAnalysis|Any CPU
		{8F18041B-9410-4C36-A9C5-067813DF5F31}.CodeAnalysis|Any CPU.Build.0 = CodeAnalysis|Any CPU
		{8F18041B-9410-4C36-A9C5-067813DF5F31}.Debug|Any CPU.ActiveCfg = Debug|Any CPU
		{8F18041B-9410-4C36-A9C5-067813DF5F31}.Debug|Any CPU.Build.0 = Debug|Any CPU
		{8F18041B-9410-4C36-A9C5-067813DF5F31}.Log Output|Any CPU.ActiveCfg = Release|Any CPU
		{8F18041B-9410-4C36-A9C5-067813DF5F31}.Log Output|Any CPU.Build.0 = Release|Any CPU
		{8F18041B-9410-4C36-A9C5-067813DF5F31}.Mono|Any CPU.ActiveCfg = Release|Any CPU
		{8F18041B-9410-4C36-A9C5-067813DF5F31}.Mono|Any CPU.Build.0 = Release|Any CPU
		{8F18041B-9410-4C36-A9C5-067813DF5F31}.Release|Any CPU.ActiveCfg = Release|Any CPU
		{8F18041B-9410-4C36-A9C5-067813DF5F31}.Release|Any CPU.Build.0 = Release|Any CPU
		{8F18041B-9410-4C36-A9C5-067813DF5F31}.ReleaseSigned|Any CPU.ActiveCfg = Release|Any CPU
		{8F18041B-9410-4C36-A9C5-067813DF5F31}.ReleaseSigned|Any CPU.Build.0 = Release|Any CPU
		{8F18041B-9410-4C36-A9C5-067813DF5F31}.Verbose|Any CPU.ActiveCfg = Release|Any CPU
		{8F18041B-9410-4C36-A9C5-067813DF5F31}.Verbose|Any CPU.Build.0 = Release|Any CPU
		{22BABB60-8F02-4027-AFFC-ACF069954536}.CodeAnalysis|Any CPU.ActiveCfg = CodeAnalysis|Any CPU
		{22BABB60-8F02-4027-AFFC-ACF069954536}.CodeAnalysis|Any CPU.Build.0 = CodeAnalysis|Any CPU
		{22BABB60-8F02-4027-AFFC-ACF069954536}.Debug|Any CPU.ActiveCfg = Debug|Any CPU
		{22BABB60-8F02-4027-AFFC-ACF069954536}.Debug|Any CPU.Build.0 = Debug|Any CPU
		{22BABB60-8F02-4027-AFFC-ACF069954536}.Log Output|Any CPU.ActiveCfg = Release|Any CPU
		{22BABB60-8F02-4027-AFFC-ACF069954536}.Log Output|Any CPU.Build.0 = Release|Any CPU
		{22BABB60-8F02-4027-AFFC-ACF069954536}.Mono|Any CPU.ActiveCfg = Release|Any CPU
		{22BABB60-8F02-4027-AFFC-ACF069954536}.Mono|Any CPU.Build.0 = Release|Any CPU
		{22BABB60-8F02-4027-AFFC-ACF069954536}.Release|Any CPU.ActiveCfg = Release|Any CPU
		{22BABB60-8F02-4027-AFFC-ACF069954536}.Release|Any CPU.Build.0 = Release|Any CPU
		{22BABB60-8F02-4027-AFFC-ACF069954536}.ReleaseSigned|Any CPU.ActiveCfg = Release|Any CPU
		{22BABB60-8F02-4027-AFFC-ACF069954536}.ReleaseSigned|Any CPU.Build.0 = Release|Any CPU
		{22BABB60-8F02-4027-AFFC-ACF069954536}.Verbose|Any CPU.ActiveCfg = Release|Any CPU
		{22BABB60-8F02-4027-AFFC-ACF069954536}.Verbose|Any CPU.Build.0 = Release|Any CPU
		{76EFA9C5-8D7E-4FDF-B710-E20F8B6B00D2}.CodeAnalysis|Any CPU.ActiveCfg = CodeAnalysis|Any CPU
		{76EFA9C5-8D7E-4FDF-B710-E20F8B6B00D2}.CodeAnalysis|Any CPU.Build.0 = CodeAnalysis|Any CPU
		{76EFA9C5-8D7E-4FDF-B710-E20F8B6B00D2}.Debug|Any CPU.ActiveCfg = Debug|Any CPU
		{76EFA9C5-8D7E-4FDF-B710-E20F8B6B00D2}.Debug|Any CPU.Build.0 = Debug|Any CPU
		{76EFA9C5-8D7E-4FDF-B710-E20F8B6B00D2}.Log Output|Any CPU.ActiveCfg = Release|Any CPU
		{76EFA9C5-8D7E-4FDF-B710-E20F8B6B00D2}.Log Output|Any CPU.Build.0 = Release|Any CPU
		{76EFA9C5-8D7E-4FDF-B710-E20F8B6B00D2}.Mono|Any CPU.ActiveCfg = Release|Any CPU
		{76EFA9C5-8D7E-4FDF-B710-E20F8B6B00D2}.Mono|Any CPU.Build.0 = Release|Any CPU
		{76EFA9C5-8D7E-4FDF-B710-E20F8B6B00D2}.Release|Any CPU.ActiveCfg = Release|Any CPU
		{76EFA9C5-8D7E-4FDF-B710-E20F8B6B00D2}.Release|Any CPU.Build.0 = Release|Any CPU
		{76EFA9C5-8D7E-4FDF-B710-E20F8B6B00D2}.ReleaseSigned|Any CPU.ActiveCfg = Release|Any CPU
		{76EFA9C5-8D7E-4FDF-B710-E20F8B6B00D2}.ReleaseSigned|Any CPU.Build.0 = Release|Any CPU
		{76EFA9C5-8D7E-4FDF-B710-E20F8B6B00D2}.Verbose|Any CPU.ActiveCfg = Release|Any CPU
		{76EFA9C5-8D7E-4FDF-B710-E20F8B6B00D2}.Verbose|Any CPU.Build.0 = Release|Any CPU
		{9B7E3740-6161-4548-833C-4BBCA43B970E}.CodeAnalysis|Any CPU.ActiveCfg = CodeAnalysis|Any CPU
		{9B7E3740-6161-4548-833C-4BBCA43B970E}.CodeAnalysis|Any CPU.Build.0 = CodeAnalysis|Any CPU
		{9B7E3740-6161-4548-833C-4BBCA43B970E}.Debug|Any CPU.ActiveCfg = Debug|Any CPU
		{9B7E3740-6161-4548-833C-4BBCA43B970E}.Debug|Any CPU.Build.0 = Debug|Any CPU
		{9B7E3740-6161-4548-833C-4BBCA43B970E}.Log Output|Any CPU.ActiveCfg = Release|Any CPU
		{9B7E3740-6161-4548-833C-4BBCA43B970E}.Log Output|Any CPU.Build.0 = Release|Any CPU
		{9B7E3740-6161-4548-833C-4BBCA43B970E}.Mono|Any CPU.ActiveCfg = Release|Any CPU
		{9B7E3740-6161-4548-833C-4BBCA43B970E}.Mono|Any CPU.Build.0 = Release|Any CPU
		{9B7E3740-6161-4548-833C-4BBCA43B970E}.Release|Any CPU.ActiveCfg = Release|Any CPU
		{9B7E3740-6161-4548-833C-4BBCA43B970E}.Release|Any CPU.Build.0 = Release|Any CPU
		{9B7E3740-6161-4548-833C-4BBCA43B970E}.ReleaseSigned|Any CPU.ActiveCfg = Release|Any CPU
		{9B7E3740-6161-4548-833C-4BBCA43B970E}.ReleaseSigned|Any CPU.Build.0 = Release|Any CPU
		{9B7E3740-6161-4548-833C-4BBCA43B970E}.Verbose|Any CPU.ActiveCfg = Release|Any CPU
		{9B7E3740-6161-4548-833C-4BBCA43B970E}.Verbose|Any CPU.Build.0 = Release|Any CPU
		{0939B11A-FE4E-4BA1-8AD6-D97741EE314F}.CodeAnalysis|Any CPU.ActiveCfg = CodeAnalysis|Any CPU
		{0939B11A-FE4E-4BA1-8AD6-D97741EE314F}.CodeAnalysis|Any CPU.Build.0 = CodeAnalysis|Any CPU
		{0939B11A-FE4E-4BA1-8AD6-D97741EE314F}.Debug|Any CPU.ActiveCfg = Debug|Any CPU
		{0939B11A-FE4E-4BA1-8AD6-D97741EE314F}.Debug|Any CPU.Build.0 = Debug|Any CPU
		{0939B11A-FE4E-4BA1-8AD6-D97741EE314F}.Log Output|Any CPU.ActiveCfg = Release|Any CPU
		{0939B11A-FE4E-4BA1-8AD6-D97741EE314F}.Log Output|Any CPU.Build.0 = Release|Any CPU
		{0939B11A-FE4E-4BA1-8AD6-D97741EE314F}.Mono|Any CPU.ActiveCfg = Release|Any CPU
		{0939B11A-FE4E-4BA1-8AD6-D97741EE314F}.Mono|Any CPU.Build.0 = Release|Any CPU
		{0939B11A-FE4E-4BA1-8AD6-D97741EE314F}.Release|Any CPU.ActiveCfg = Release|Any CPU
		{0939B11A-FE4E-4BA1-8AD6-D97741EE314F}.Release|Any CPU.Build.0 = Release|Any CPU
		{0939B11A-FE4E-4BA1-8AD6-D97741EE314F}.ReleaseSigned|Any CPU.ActiveCfg = Release|Any CPU
		{0939B11A-FE4E-4BA1-8AD6-D97741EE314F}.ReleaseSigned|Any CPU.Build.0 = Release|Any CPU
		{0939B11A-FE4E-4BA1-8AD6-D97741EE314F}.Verbose|Any CPU.ActiveCfg = Release|Any CPU
		{0939B11A-FE4E-4BA1-8AD6-D97741EE314F}.Verbose|Any CPU.Build.0 = Release|Any CPU
		{4D39BAAF-8A96-473E-AB79-C8A341885137}.CodeAnalysis|Any CPU.ActiveCfg = CodeAnalysis|Any CPU
		{4D39BAAF-8A96-473E-AB79-C8A341885137}.CodeAnalysis|Any CPU.Build.0 = CodeAnalysis|Any CPU
		{4D39BAAF-8A96-473E-AB79-C8A341885137}.Debug|Any CPU.ActiveCfg = Debug|Any CPU
		{4D39BAAF-8A96-473E-AB79-C8A341885137}.Debug|Any CPU.Build.0 = Debug|Any CPU
		{4D39BAAF-8A96-473E-AB79-C8A341885137}.Log Output|Any CPU.ActiveCfg = Release|Any CPU
		{4D39BAAF-8A96-473E-AB79-C8A341885137}.Log Output|Any CPU.Build.0 = Release|Any CPU
		{4D39BAAF-8A96-473E-AB79-C8A341885137}.Mono|Any CPU.ActiveCfg = Release|Any CPU
		{4D39BAAF-8A96-473E-AB79-C8A341885137}.Mono|Any CPU.Build.0 = Release|Any CPU
		{4D39BAAF-8A96-473E-AB79-C8A341885137}.Release|Any CPU.ActiveCfg = Release|Any CPU
		{4D39BAAF-8A96-473E-AB79-C8A341885137}.Release|Any CPU.Build.0 = Release|Any CPU
		{4D39BAAF-8A96-473E-AB79-C8A341885137}.ReleaseSigned|Any CPU.ActiveCfg = Release|Any CPU
		{4D39BAAF-8A96-473E-AB79-C8A341885137}.ReleaseSigned|Any CPU.Build.0 = Release|Any CPU
		{4D39BAAF-8A96-473E-AB79-C8A341885137}.Verbose|Any CPU.ActiveCfg = Release|Any CPU
		{4D39BAAF-8A96-473E-AB79-C8A341885137}.Verbose|Any CPU.Build.0 = Release|Any CPU
		{55A15F40-1435-4248-A7F2-2A146BB83586}.CodeAnalysis|Any CPU.ActiveCfg = CodeAnalysis|Any CPU
		{55A15F40-1435-4248-A7F2-2A146BB83586}.CodeAnalysis|Any CPU.Build.0 = CodeAnalysis|Any CPU
		{55A15F40-1435-4248-A7F2-2A146BB83586}.Debug|Any CPU.ActiveCfg = Debug|Any CPU
		{55A15F40-1435-4248-A7F2-2A146BB83586}.Debug|Any CPU.Build.0 = Debug|Any CPU
		{55A15F40-1435-4248-A7F2-2A146BB83586}.Log Output|Any CPU.ActiveCfg = Release|Any CPU
		{55A15F40-1435-4248-A7F2-2A146BB83586}.Log Output|Any CPU.Build.0 = Release|Any CPU
		{55A15F40-1435-4248-A7F2-2A146BB83586}.Mono|Any CPU.ActiveCfg = Release|Any CPU
		{55A15F40-1435-4248-A7F2-2A146BB83586}.Mono|Any CPU.Build.0 = Release|Any CPU
		{55A15F40-1435-4248-A7F2-2A146BB83586}.Release|Any CPU.ActiveCfg = Release|Any CPU
		{55A15F40-1435-4248-A7F2-2A146BB83586}.Release|Any CPU.Build.0 = Release|Any CPU
		{55A15F40-1435-4248-A7F2-2A146BB83586}.ReleaseSigned|Any CPU.ActiveCfg = Release|Any CPU
		{55A15F40-1435-4248-A7F2-2A146BB83586}.ReleaseSigned|Any CPU.Build.0 = Release|Any CPU
		{55A15F40-1435-4248-A7F2-2A146BB83586}.Verbose|Any CPU.ActiveCfg = Release|Any CPU
		{55A15F40-1435-4248-A7F2-2A146BB83586}.Verbose|Any CPU.Build.0 = Release|Any CPU
		{0C7CE809-0F72-4C19-8C64-D6573E4D9521}.CodeAnalysis|Any CPU.ActiveCfg = CodeAnalysis|Any CPU
		{0C7CE809-0F72-4C19-8C64-D6573E4D9521}.CodeAnalysis|Any CPU.Build.0 = CodeAnalysis|Any CPU
		{0C7CE809-0F72-4C19-8C64-D6573E4D9521}.Debug|Any CPU.ActiveCfg = Debug|Any CPU
		{0C7CE809-0F72-4C19-8C64-D6573E4D9521}.Debug|Any CPU.Build.0 = Debug|Any CPU
		{0C7CE809-0F72-4C19-8C64-D6573E4D9521}.Log Output|Any CPU.ActiveCfg = Release|Any CPU
		{0C7CE809-0F72-4C19-8C64-D6573E4D9521}.Log Output|Any CPU.Build.0 = Release|Any CPU
		{0C7CE809-0F72-4C19-8C64-D6573E4D9521}.Mono|Any CPU.ActiveCfg = Release|Any CPU
		{0C7CE809-0F72-4C19-8C64-D6573E4D9521}.Mono|Any CPU.Build.0 = Release|Any CPU
		{0C7CE809-0F72-4C19-8C64-D6573E4D9521}.Release|Any CPU.ActiveCfg = Release|Any CPU
		{0C7CE809-0F72-4C19-8C64-D6573E4D9521}.Release|Any CPU.Build.0 = Release|Any CPU
		{0C7CE809-0F72-4C19-8C64-D6573E4D9521}.ReleaseSigned|Any CPU.ActiveCfg = Release|Any CPU
		{0C7CE809-0F72-4C19-8C64-D6573E4D9521}.ReleaseSigned|Any CPU.Build.0 = Release|Any CPU
		{0C7CE809-0F72-4C19-8C64-D6573E4D9521}.Verbose|Any CPU.ActiveCfg = Release|Any CPU
		{0C7CE809-0F72-4C19-8C64-D6573E4D9521}.Verbose|Any CPU.Build.0 = Release|Any CPU
		{C23F02FC-4538-43F5-ABBA-38BA069AEA8F}.CodeAnalysis|Any CPU.ActiveCfg = CodeAnalysis|Any CPU
		{C23F02FC-4538-43F5-ABBA-38BA069AEA8F}.CodeAnalysis|Any CPU.Build.0 = CodeAnalysis|Any CPU
		{C23F02FC-4538-43F5-ABBA-38BA069AEA8F}.Debug|Any CPU.ActiveCfg = Debug|Any CPU
		{C23F02FC-4538-43F5-ABBA-38BA069AEA8F}.Debug|Any CPU.Build.0 = Debug|Any CPU
		{C23F02FC-4538-43F5-ABBA-38BA069AEA8F}.Log Output|Any CPU.ActiveCfg = Release|Any CPU
		{C23F02FC-4538-43F5-ABBA-38BA069AEA8F}.Log Output|Any CPU.Build.0 = Release|Any CPU
		{C23F02FC-4538-43F5-ABBA-38BA069AEA8F}.Mono|Any CPU.ActiveCfg = Release|Any CPU
		{C23F02FC-4538-43F5-ABBA-38BA069AEA8F}.Mono|Any CPU.Build.0 = Release|Any CPU
		{C23F02FC-4538-43F5-ABBA-38BA069AEA8F}.Release|Any CPU.ActiveCfg = Release|Any CPU
		{C23F02FC-4538-43F5-ABBA-38BA069AEA8F}.Release|Any CPU.Build.0 = Release|Any CPU
		{C23F02FC-4538-43F5-ABBA-38BA069AEA8F}.ReleaseSigned|Any CPU.ActiveCfg = Release|Any CPU
		{C23F02FC-4538-43F5-ABBA-38BA069AEA8F}.ReleaseSigned|Any CPU.Build.0 = Release|Any CPU
		{C23F02FC-4538-43F5-ABBA-38BA069AEA8F}.Verbose|Any CPU.ActiveCfg = Release|Any CPU
		{C23F02FC-4538-43F5-ABBA-38BA069AEA8F}.Verbose|Any CPU.Build.0 = Release|Any CPU
		{3D3FFD8A-624D-4E9B-954B-E1C105507975}.CodeAnalysis|Any CPU.ActiveCfg = CodeAnalysis|Any CPU
		{3D3FFD8A-624D-4E9B-954B-E1C105507975}.CodeAnalysis|Any CPU.Build.0 = CodeAnalysis|Any CPU
		{3D3FFD8A-624D-4E9B-954B-E1C105507975}.Debug|Any CPU.ActiveCfg = Debug|Any CPU
		{3D3FFD8A-624D-4E9B-954B-E1C105507975}.Debug|Any CPU.Build.0 = Debug|Any CPU
		{3D3FFD8A-624D-4E9B-954B-E1C105507975}.Log Output|Any CPU.ActiveCfg = Release|Any CPU
		{3D3FFD8A-624D-4E9B-954B-E1C105507975}.Log Output|Any CPU.Build.0 = Release|Any CPU
		{3D3FFD8A-624D-4E9B-954B-E1C105507975}.Mono|Any CPU.ActiveCfg = Release|Any CPU
		{3D3FFD8A-624D-4E9B-954B-E1C105507975}.Mono|Any CPU.Build.0 = Release|Any CPU
		{3D3FFD8A-624D-4E9B-954B-E1C105507975}.Release|Any CPU.ActiveCfg = Release|Any CPU
		{3D3FFD8A-624D-4E9B-954B-E1C105507975}.Release|Any CPU.Build.0 = Release|Any CPU
		{3D3FFD8A-624D-4E9B-954B-E1C105507975}.ReleaseSigned|Any CPU.ActiveCfg = Release|Any CPU
		{3D3FFD8A-624D-4E9B-954B-E1C105507975}.ReleaseSigned|Any CPU.Build.0 = Release|Any CPU
		{3D3FFD8A-624D-4E9B-954B-E1C105507975}.Verbose|Any CPU.ActiveCfg = Release|Any CPU
		{3D3FFD8A-624D-4E9B-954B-E1C105507975}.Verbose|Any CPU.Build.0 = Release|Any CPU
		{D3CF7430-6DA4-42B0-BD90-CA39D16687B2}.CodeAnalysis|Any CPU.ActiveCfg = CodeAnalysis|Any CPU
		{D3CF7430-6DA4-42B0-BD90-CA39D16687B2}.CodeAnalysis|Any CPU.Build.0 = CodeAnalysis|Any CPU
		{D3CF7430-6DA4-42B0-BD90-CA39D16687B2}.Debug|Any CPU.ActiveCfg = Debug|Any CPU
		{D3CF7430-6DA4-42B0-BD90-CA39D16687B2}.Debug|Any CPU.Build.0 = Debug|Any CPU
		{D3CF7430-6DA4-42B0-BD90-CA39D16687B2}.Log Output|Any CPU.ActiveCfg = Release|Any CPU
		{D3CF7430-6DA4-42B0-BD90-CA39D16687B2}.Log Output|Any CPU.Build.0 = Release|Any CPU
		{D3CF7430-6DA4-42B0-BD90-CA39D16687B2}.Mono|Any CPU.ActiveCfg = Release|Any CPU
		{D3CF7430-6DA4-42B0-BD90-CA39D16687B2}.Mono|Any CPU.Build.0 = Release|Any CPU
		{D3CF7430-6DA4-42B0-BD90-CA39D16687B2}.Release|Any CPU.ActiveCfg = Release|Any CPU
		{D3CF7430-6DA4-42B0-BD90-CA39D16687B2}.Release|Any CPU.Build.0 = Release|Any CPU
		{D3CF7430-6DA4-42B0-BD90-CA39D16687B2}.ReleaseSigned|Any CPU.ActiveCfg = Release|Any CPU
		{D3CF7430-6DA4-42B0-BD90-CA39D16687B2}.ReleaseSigned|Any CPU.Build.0 = Release|Any CPU
		{D3CF7430-6DA4-42B0-BD90-CA39D16687B2}.Verbose|Any CPU.ActiveCfg = Release|Any CPU
		{D3CF7430-6DA4-42B0-BD90-CA39D16687B2}.Verbose|Any CPU.Build.0 = Release|Any CPU
		{DDC1CE0C-486E-4E35-BB3B-EAB61F8F9440}.CodeAnalysis|Any CPU.ActiveCfg = CodeAnalysis|Any CPU
		{DDC1CE0C-486E-4E35-BB3B-EAB61F8F9440}.CodeAnalysis|Any CPU.Build.0 = CodeAnalysis|Any CPU
		{DDC1CE0C-486E-4E35-BB3B-EAB61F8F9440}.Debug|Any CPU.ActiveCfg = Debug|Any CPU
		{DDC1CE0C-486E-4E35-BB3B-EAB61F8F9440}.Debug|Any CPU.Build.0 = Debug|Any CPU
		{DDC1CE0C-486E-4E35-BB3B-EAB61F8F9440}.Log Output|Any CPU.ActiveCfg = Release|Any CPU
		{DDC1CE0C-486E-4E35-BB3B-EAB61F8F9440}.Log Output|Any CPU.Build.0 = Release|Any CPU
		{DDC1CE0C-486E-4E35-BB3B-EAB61F8F9440}.Mono|Any CPU.ActiveCfg = Release|Any CPU
		{DDC1CE0C-486E-4E35-BB3B-EAB61F8F9440}.Mono|Any CPU.Build.0 = Release|Any CPU
		{DDC1CE0C-486E-4E35-BB3B-EAB61F8F9440}.Release|Any CPU.ActiveCfg = Release|Any CPU
		{DDC1CE0C-486E-4E35-BB3B-EAB61F8F9440}.Release|Any CPU.Build.0 = Release|Any CPU
		{DDC1CE0C-486E-4E35-BB3B-EAB61F8F9440}.ReleaseSigned|Any CPU.ActiveCfg = Release|Any CPU
		{DDC1CE0C-486E-4E35-BB3B-EAB61F8F9440}.ReleaseSigned|Any CPU.Build.0 = Release|Any CPU
		{DDC1CE0C-486E-4E35-BB3B-EAB61F8F9440}.Verbose|Any CPU.ActiveCfg = Release|Any CPU
		{DDC1CE0C-486E-4E35-BB3B-EAB61F8F9440}.Verbose|Any CPU.Build.0 = Release|Any CPU
		{668E9021-CE84-49D9-98FB-DF125A9FCDB0}.CodeAnalysis|Any CPU.ActiveCfg = CodeAnalysis|Any CPU
		{668E9021-CE84-49D9-98FB-DF125A9FCDB0}.CodeAnalysis|Any CPU.Build.0 = CodeAnalysis|Any CPU
		{668E9021-CE84-49D9-98FB-DF125A9FCDB0}.Debug|Any CPU.ActiveCfg = Debug|Any CPU
		{668E9021-CE84-49D9-98FB-DF125A9FCDB0}.Debug|Any CPU.Build.0 = Debug|Any CPU
		{668E9021-CE84-49D9-98FB-DF125A9FCDB0}.Log Output|Any CPU.ActiveCfg = Release|Any CPU
		{668E9021-CE84-49D9-98FB-DF125A9FCDB0}.Log Output|Any CPU.Build.0 = Release|Any CPU
		{668E9021-CE84-49D9-98FB-DF125A9FCDB0}.Mono|Any CPU.ActiveCfg = Release|Any CPU
		{668E9021-CE84-49D9-98FB-DF125A9FCDB0}.Mono|Any CPU.Build.0 = Release|Any CPU
		{668E9021-CE84-49D9-98FB-DF125A9FCDB0}.Release|Any CPU.ActiveCfg = Release|Any CPU
		{668E9021-CE84-49D9-98FB-DF125A9FCDB0}.Release|Any CPU.Build.0 = Release|Any CPU
		{668E9021-CE84-49D9-98FB-DF125A9FCDB0}.ReleaseSigned|Any CPU.ActiveCfg = Release|Any CPU
		{668E9021-CE84-49D9-98FB-DF125A9FCDB0}.ReleaseSigned|Any CPU.Build.0 = Release|Any CPU
		{668E9021-CE84-49D9-98FB-DF125A9FCDB0}.Verbose|Any CPU.ActiveCfg = Release|Any CPU
		{668E9021-CE84-49D9-98FB-DF125A9FCDB0}.Verbose|Any CPU.Build.0 = Release|Any CPU
		{66492E69-CE4C-4FB1-9B1F-88DEE09D06F1}.CodeAnalysis|Any CPU.ActiveCfg = CodeAnalysis|Any CPU
		{66492E69-CE4C-4FB1-9B1F-88DEE09D06F1}.CodeAnalysis|Any CPU.Build.0 = CodeAnalysis|Any CPU
		{66492E69-CE4C-4FB1-9B1F-88DEE09D06F1}.Debug|Any CPU.ActiveCfg = Debug|Any CPU
		{66492E69-CE4C-4FB1-9B1F-88DEE09D06F1}.Debug|Any CPU.Build.0 = Debug|Any CPU
		{66492E69-CE4C-4FB1-9B1F-88DEE09D06F1}.Log Output|Any CPU.ActiveCfg = Release|Any CPU
		{66492E69-CE4C-4FB1-9B1F-88DEE09D06F1}.Log Output|Any CPU.Build.0 = Release|Any CPU
		{66492E69-CE4C-4FB1-9B1F-88DEE09D06F1}.Mono|Any CPU.ActiveCfg = Release|Any CPU
		{66492E69-CE4C-4FB1-9B1F-88DEE09D06F1}.Mono|Any CPU.Build.0 = Release|Any CPU
		{66492E69-CE4C-4FB1-9B1F-88DEE09D06F1}.Release|Any CPU.ActiveCfg = Release|Any CPU
		{66492E69-CE4C-4FB1-9B1F-88DEE09D06F1}.Release|Any CPU.Build.0 = Release|Any CPU
		{66492E69-CE4C-4FB1-9B1F-88DEE09D06F1}.ReleaseSigned|Any CPU.ActiveCfg = Release|Any CPU
		{66492E69-CE4C-4FB1-9B1F-88DEE09D06F1}.ReleaseSigned|Any CPU.Build.0 = Release|Any CPU
		{66492E69-CE4C-4FB1-9B1F-88DEE09D06F1}.Verbose|Any CPU.ActiveCfg = Release|Any CPU
		{66492E69-CE4C-4FB1-9B1F-88DEE09D06F1}.Verbose|Any CPU.Build.0 = Release|Any CPU
		{A0187BC2-8325-4BB2-8697-7F955CF4173E}.CodeAnalysis|Any CPU.ActiveCfg = CodeAnalysis|Any CPU
		{A0187BC2-8325-4BB2-8697-7F955CF4173E}.CodeAnalysis|Any CPU.Build.0 = CodeAnalysis|Any CPU
		{A0187BC2-8325-4BB2-8697-7F955CF4173E}.Debug|Any CPU.ActiveCfg = Debug|Any CPU
		{A0187BC2-8325-4BB2-8697-7F955CF4173E}.Debug|Any CPU.Build.0 = Debug|Any CPU
		{A0187BC2-8325-4BB2-8697-7F955CF4173E}.Log Output|Any CPU.ActiveCfg = Release|Any CPU
		{A0187BC2-8325-4BB2-8697-7F955CF4173E}.Log Output|Any CPU.Build.0 = Release|Any CPU
		{A0187BC2-8325-4BB2-8697-7F955CF4173E}.Mono|Any CPU.ActiveCfg = Release|Any CPU
		{A0187BC2-8325-4BB2-8697-7F955CF4173E}.Mono|Any CPU.Build.0 = Release|Any CPU
		{A0187BC2-8325-4BB2-8697-7F955CF4173E}.Release|Any CPU.ActiveCfg = Release|Any CPU
		{A0187BC2-8325-4BB2-8697-7F955CF4173E}.Release|Any CPU.Build.0 = Release|Any CPU
		{A0187BC2-8325-4BB2-8697-7F955CF4173E}.ReleaseSigned|Any CPU.ActiveCfg = Release|Any CPU
		{A0187BC2-8325-4BB2-8697-7F955CF4173E}.ReleaseSigned|Any CPU.Build.0 = Release|Any CPU
		{A0187BC2-8325-4BB2-8697-7F955CF4173E}.Verbose|Any CPU.ActiveCfg = Release|Any CPU
		{A0187BC2-8325-4BB2-8697-7F955CF4173E}.Verbose|Any CPU.Build.0 = Release|Any CPU
		{4CBFC7D3-1600-4CE5-BC6B-AC7BC2D6F853}.CodeAnalysis|Any CPU.ActiveCfg = CodeAnalysis|Any CPU
		{4CBFC7D3-1600-4CE5-BC6B-AC7BC2D6F853}.CodeAnalysis|Any CPU.Build.0 = CodeAnalysis|Any CPU
		{4CBFC7D3-1600-4CE5-BC6B-AC7BC2D6F853}.Debug|Any CPU.ActiveCfg = Debug|Any CPU
		{4CBFC7D3-1600-4CE5-BC6B-AC7BC2D6F853}.Debug|Any CPU.Build.0 = Debug|Any CPU
		{4CBFC7D3-1600-4CE5-BC6B-AC7BC2D6F853}.Log Output|Any CPU.ActiveCfg = Release|Any CPU
		{4CBFC7D3-1600-4CE5-BC6B-AC7BC2D6F853}.Log Output|Any CPU.Build.0 = Release|Any CPU
		{4CBFC7D3-1600-4CE5-BC6B-AC7BC2D6F853}.Mono|Any CPU.ActiveCfg = Release|Any CPU
		{4CBFC7D3-1600-4CE5-BC6B-AC7BC2D6F853}.Mono|Any CPU.Build.0 = Release|Any CPU
		{4CBFC7D3-1600-4CE5-BC6B-AC7BC2D6F853}.Release|Any CPU.ActiveCfg = Release|Any CPU
		{4CBFC7D3-1600-4CE5-BC6B-AC7BC2D6F853}.Release|Any CPU.Build.0 = Release|Any CPU
		{4CBFC7D3-1600-4CE5-BC6B-AC7BC2D6F853}.ReleaseSigned|Any CPU.ActiveCfg = Release|Any CPU
		{4CBFC7D3-1600-4CE5-BC6B-AC7BC2D6F853}.ReleaseSigned|Any CPU.Build.0 = Release|Any CPU
		{4CBFC7D3-1600-4CE5-BC6B-AC7BC2D6F853}.Verbose|Any CPU.ActiveCfg = Release|Any CPU
		{4CBFC7D3-1600-4CE5-BC6B-AC7BC2D6F853}.Verbose|Any CPU.Build.0 = Release|Any CPU
		{FEDFE6CA-8282-4C5B-A756-E97189690982}.CodeAnalysis|Any CPU.ActiveCfg = CodeAnalysis|Any CPU
		{FEDFE6CA-8282-4C5B-A756-E97189690982}.CodeAnalysis|Any CPU.Build.0 = CodeAnalysis|Any CPU
		{FEDFE6CA-8282-4C5B-A756-E97189690982}.Debug|Any CPU.ActiveCfg = Debug|Any CPU
		{FEDFE6CA-8282-4C5B-A756-E97189690982}.Debug|Any CPU.Build.0 = Debug|Any CPU
		{FEDFE6CA-8282-4C5B-A756-E97189690982}.Log Output|Any CPU.ActiveCfg = Release|Any CPU
		{FEDFE6CA-8282-4C5B-A756-E97189690982}.Log Output|Any CPU.Build.0 = Release|Any CPU
		{FEDFE6CA-8282-4C5B-A756-E97189690982}.Mono|Any CPU.ActiveCfg = Release|Any CPU
		{FEDFE6CA-8282-4C5B-A756-E97189690982}.Mono|Any CPU.Build.0 = Release|Any CPU
		{FEDFE6CA-8282-4C5B-A756-E97189690982}.Release|Any CPU.ActiveCfg = Release|Any CPU
		{FEDFE6CA-8282-4C5B-A756-E97189690982}.Release|Any CPU.Build.0 = Release|Any CPU
		{FEDFE6CA-8282-4C5B-A756-E97189690982}.ReleaseSigned|Any CPU.ActiveCfg = Release|Any CPU
		{FEDFE6CA-8282-4C5B-A756-E97189690982}.ReleaseSigned|Any CPU.Build.0 = Release|Any CPU
		{FEDFE6CA-8282-4C5B-A756-E97189690982}.Verbose|Any CPU.ActiveCfg = Release|Any CPU
		{FEDFE6CA-8282-4C5B-A756-E97189690982}.Verbose|Any CPU.Build.0 = Release|Any CPU
		{6E81EF98-8F5C-4EED-8B37-456991CA56FD}.CodeAnalysis|Any CPU.ActiveCfg = CodeAnalysis|Any CPU
		{6E81EF98-8F5C-4EED-8B37-456991CA56FD}.CodeAnalysis|Any CPU.Build.0 = CodeAnalysis|Any CPU
		{6E81EF98-8F5C-4EED-8B37-456991CA56FD}.Debug|Any CPU.ActiveCfg = Debug|Any CPU
		{6E81EF98-8F5C-4EED-8B37-456991CA56FD}.Debug|Any CPU.Build.0 = Debug|Any CPU
		{6E81EF98-8F5C-4EED-8B37-456991CA56FD}.Log Output|Any CPU.ActiveCfg = Release|Any CPU
		{6E81EF98-8F5C-4EED-8B37-456991CA56FD}.Log Output|Any CPU.Build.0 = Release|Any CPU
		{6E81EF98-8F5C-4EED-8B37-456991CA56FD}.Mono|Any CPU.ActiveCfg = Release|Any CPU
		{6E81EF98-8F5C-4EED-8B37-456991CA56FD}.Mono|Any CPU.Build.0 = Release|Any CPU
		{6E81EF98-8F5C-4EED-8B37-456991CA56FD}.Release|Any CPU.ActiveCfg = Release|Any CPU
		{6E81EF98-8F5C-4EED-8B37-456991CA56FD}.Release|Any CPU.Build.0 = Release|Any CPU
		{6E81EF98-8F5C-4EED-8B37-456991CA56FD}.ReleaseSigned|Any CPU.ActiveCfg = Release|Any CPU
		{6E81EF98-8F5C-4EED-8B37-456991CA56FD}.ReleaseSigned|Any CPU.Build.0 = Release|Any CPU
		{6E81EF98-8F5C-4EED-8B37-456991CA56FD}.Verbose|Any CPU.ActiveCfg = Release|Any CPU
		{6E81EF98-8F5C-4EED-8B37-456991CA56FD}.Verbose|Any CPU.Build.0 = Release|Any CPU
		{8A607AC9-E7DD-4B74-A0B1-47FC95B9838B}.CodeAnalysis|Any CPU.ActiveCfg = CodeAnalysis|Any CPU
		{8A607AC9-E7DD-4B74-A0B1-47FC95B9838B}.CodeAnalysis|Any CPU.Build.0 = CodeAnalysis|Any CPU
		{8A607AC9-E7DD-4B74-A0B1-47FC95B9838B}.Debug|Any CPU.ActiveCfg = Debug|Any CPU
		{8A607AC9-E7DD-4B74-A0B1-47FC95B9838B}.Debug|Any CPU.Build.0 = Debug|Any CPU
		{8A607AC9-E7DD-4B74-A0B1-47FC95B9838B}.Log Output|Any CPU.ActiveCfg = Release|Any CPU
		{8A607AC9-E7DD-4B74-A0B1-47FC95B9838B}.Log Output|Any CPU.Build.0 = Release|Any CPU
		{8A607AC9-E7DD-4B74-A0B1-47FC95B9838B}.Mono|Any CPU.ActiveCfg = Release|Any CPU
		{8A607AC9-E7DD-4B74-A0B1-47FC95B9838B}.Mono|Any CPU.Build.0 = Release|Any CPU
		{8A607AC9-E7DD-4B74-A0B1-47FC95B9838B}.Release|Any CPU.ActiveCfg = Release|Any CPU
		{8A607AC9-E7DD-4B74-A0B1-47FC95B9838B}.Release|Any CPU.Build.0 = Release|Any CPU
		{8A607AC9-E7DD-4B74-A0B1-47FC95B9838B}.ReleaseSigned|Any CPU.ActiveCfg = Release|Any CPU
		{8A607AC9-E7DD-4B74-A0B1-47FC95B9838B}.ReleaseSigned|Any CPU.Build.0 = Release|Any CPU
		{8A607AC9-E7DD-4B74-A0B1-47FC95B9838B}.Verbose|Any CPU.ActiveCfg = Release|Any CPU
		{8A607AC9-E7DD-4B74-A0B1-47FC95B9838B}.Verbose|Any CPU.Build.0 = Release|Any CPU
		{66DD7CD7-C68F-4D0E-9F3D-3B58C49D1467}.CodeAnalysis|Any CPU.ActiveCfg = CodeAnalysis|Any CPU
		{66DD7CD7-C68F-4D0E-9F3D-3B58C49D1467}.CodeAnalysis|Any CPU.Build.0 = CodeAnalysis|Any CPU
		{66DD7CD7-C68F-4D0E-9F3D-3B58C49D1467}.Debug|Any CPU.ActiveCfg = Debug|Any CPU
		{66DD7CD7-C68F-4D0E-9F3D-3B58C49D1467}.Debug|Any CPU.Build.0 = Debug|Any CPU
		{66DD7CD7-C68F-4D0E-9F3D-3B58C49D1467}.Log Output|Any CPU.ActiveCfg = Release|Any CPU
		{66DD7CD7-C68F-4D0E-9F3D-3B58C49D1467}.Log Output|Any CPU.Build.0 = Release|Any CPU
		{66DD7CD7-C68F-4D0E-9F3D-3B58C49D1467}.Mono|Any CPU.ActiveCfg = Release|Any CPU
		{66DD7CD7-C68F-4D0E-9F3D-3B58C49D1467}.Mono|Any CPU.Build.0 = Release|Any CPU
		{66DD7CD7-C68F-4D0E-9F3D-3B58C49D1467}.Release|Any CPU.ActiveCfg = Release|Any CPU
		{66DD7CD7-C68F-4D0E-9F3D-3B58C49D1467}.Release|Any CPU.Build.0 = Release|Any CPU
		{66DD7CD7-C68F-4D0E-9F3D-3B58C49D1467}.ReleaseSigned|Any CPU.ActiveCfg = Release|Any CPU
		{66DD7CD7-C68F-4D0E-9F3D-3B58C49D1467}.ReleaseSigned|Any CPU.Build.0 = Release|Any CPU
		{66DD7CD7-C68F-4D0E-9F3D-3B58C49D1467}.Verbose|Any CPU.ActiveCfg = Release|Any CPU
		{66DD7CD7-C68F-4D0E-9F3D-3B58C49D1467}.Verbose|Any CPU.Build.0 = Release|Any CPU
		{43C1B979-D593-4A32-BB3A-4316F1C66D66}.CodeAnalysis|Any CPU.ActiveCfg = CodeAnalysis|Any CPU
		{43C1B979-D593-4A32-BB3A-4316F1C66D66}.CodeAnalysis|Any CPU.Build.0 = CodeAnalysis|Any CPU
		{43C1B979-D593-4A32-BB3A-4316F1C66D66}.Debug|Any CPU.ActiveCfg = Debug|Any CPU
		{43C1B979-D593-4A32-BB3A-4316F1C66D66}.Debug|Any CPU.Build.0 = Debug|Any CPU
		{43C1B979-D593-4A32-BB3A-4316F1C66D66}.Log Output|Any CPU.ActiveCfg = Release|Any CPU
		{43C1B979-D593-4A32-BB3A-4316F1C66D66}.Log Output|Any CPU.Build.0 = Release|Any CPU
		{43C1B979-D593-4A32-BB3A-4316F1C66D66}.Mono|Any CPU.ActiveCfg = Release|Any CPU
		{43C1B979-D593-4A32-BB3A-4316F1C66D66}.Mono|Any CPU.Build.0 = Release|Any CPU
		{43C1B979-D593-4A32-BB3A-4316F1C66D66}.Release|Any CPU.ActiveCfg = Release|Any CPU
		{43C1B979-D593-4A32-BB3A-4316F1C66D66}.Release|Any CPU.Build.0 = Release|Any CPU
		{43C1B979-D593-4A32-BB3A-4316F1C66D66}.ReleaseSigned|Any CPU.ActiveCfg = Release|Any CPU
		{43C1B979-D593-4A32-BB3A-4316F1C66D66}.ReleaseSigned|Any CPU.Build.0 = Release|Any CPU
		{43C1B979-D593-4A32-BB3A-4316F1C66D66}.Verbose|Any CPU.ActiveCfg = Release|Any CPU
		{43C1B979-D593-4A32-BB3A-4316F1C66D66}.Verbose|Any CPU.Build.0 = Release|Any CPU
		{25DEF6F6-7F99-4EB7-91ED-5181A346AFE1}.CodeAnalysis|Any CPU.ActiveCfg = CodeAnalysis|Any CPU
		{25DEF6F6-7F99-4EB7-91ED-5181A346AFE1}.CodeAnalysis|Any CPU.Build.0 = CodeAnalysis|Any CPU
		{25DEF6F6-7F99-4EB7-91ED-5181A346AFE1}.Debug|Any CPU.ActiveCfg = Debug|Any CPU
		{25DEF6F6-7F99-4EB7-91ED-5181A346AFE1}.Debug|Any CPU.Build.0 = Debug|Any CPU
		{25DEF6F6-7F99-4EB7-91ED-5181A346AFE1}.Log Output|Any CPU.ActiveCfg = Release|Any CPU
		{25DEF6F6-7F99-4EB7-91ED-5181A346AFE1}.Log Output|Any CPU.Build.0 = Release|Any CPU
		{25DEF6F6-7F99-4EB7-91ED-5181A346AFE1}.Mono|Any CPU.ActiveCfg = Release|Any CPU
		{25DEF6F6-7F99-4EB7-91ED-5181A346AFE1}.Mono|Any CPU.Build.0 = Release|Any CPU
		{25DEF6F6-7F99-4EB7-91ED-5181A346AFE1}.Release|Any CPU.ActiveCfg = Release|Any CPU
		{25DEF6F6-7F99-4EB7-91ED-5181A346AFE1}.Release|Any CPU.Build.0 = Release|Any CPU
		{25DEF6F6-7F99-4EB7-91ED-5181A346AFE1}.ReleaseSigned|Any CPU.ActiveCfg = Release|Any CPU
		{25DEF6F6-7F99-4EB7-91ED-5181A346AFE1}.ReleaseSigned|Any CPU.Build.0 = Release|Any CPU
		{25DEF6F6-7F99-4EB7-91ED-5181A346AFE1}.Verbose|Any CPU.ActiveCfg = Release|Any CPU
		{25DEF6F6-7F99-4EB7-91ED-5181A346AFE1}.Verbose|Any CPU.Build.0 = Release|Any CPU
		{821A136C-7C6F-44C6-A9E6-C39B5BFB1483}.CodeAnalysis|Any CPU.ActiveCfg = CodeAnalysis|Any CPU
		{821A136C-7C6F-44C6-A9E6-C39B5BFB1483}.CodeAnalysis|Any CPU.Build.0 = CodeAnalysis|Any CPU
		{821A136C-7C6F-44C6-A9E6-C39B5BFB1483}.Debug|Any CPU.ActiveCfg = Debug|Any CPU
		{821A136C-7C6F-44C6-A9E6-C39B5BFB1483}.Debug|Any CPU.Build.0 = Debug|Any CPU
		{821A136C-7C6F-44C6-A9E6-C39B5BFB1483}.Log Output|Any CPU.ActiveCfg = Release|Any CPU
		{821A136C-7C6F-44C6-A9E6-C39B5BFB1483}.Log Output|Any CPU.Build.0 = Release|Any CPU
		{821A136C-7C6F-44C6-A9E6-C39B5BFB1483}.Mono|Any CPU.ActiveCfg = Release|Any CPU
		{821A136C-7C6F-44C6-A9E6-C39B5BFB1483}.Mono|Any CPU.Build.0 = Release|Any CPU
		{821A136C-7C6F-44C6-A9E6-C39B5BFB1483}.Release|Any CPU.ActiveCfg = Release|Any CPU
		{821A136C-7C6F-44C6-A9E6-C39B5BFB1483}.Release|Any CPU.Build.0 = Release|Any CPU
		{821A136C-7C6F-44C6-A9E6-C39B5BFB1483}.ReleaseSigned|Any CPU.ActiveCfg = Release|Any CPU
		{821A136C-7C6F-44C6-A9E6-C39B5BFB1483}.ReleaseSigned|Any CPU.Build.0 = Release|Any CPU
		{821A136C-7C6F-44C6-A9E6-C39B5BFB1483}.Verbose|Any CPU.ActiveCfg = Release|Any CPU
		{821A136C-7C6F-44C6-A9E6-C39B5BFB1483}.Verbose|Any CPU.Build.0 = Release|Any CPU
		{7CEC07F2-8C03-4C42-B048-738B215824C1}.CodeAnalysis|Any CPU.ActiveCfg = Mono|Any CPU
		{7CEC07F2-8C03-4C42-B048-738B215824C1}.CodeAnalysis|Any CPU.Build.0 = Mono|Any CPU
		{7CEC07F2-8C03-4C42-B048-738B215824C1}.Debug|Any CPU.ActiveCfg = Debug|Any CPU
		{7CEC07F2-8C03-4C42-B048-738B215824C1}.Debug|Any CPU.Build.0 = Debug|Any CPU
		{7CEC07F2-8C03-4C42-B048-738B215824C1}.Log Output|Any CPU.ActiveCfg = Log Output|Any CPU
		{7CEC07F2-8C03-4C42-B048-738B215824C1}.Log Output|Any CPU.Build.0 = Log Output|Any CPU
		{7CEC07F2-8C03-4C42-B048-738B215824C1}.Mono|Any CPU.ActiveCfg = Mono|Any CPU
		{7CEC07F2-8C03-4C42-B048-738B215824C1}.Mono|Any CPU.Build.0 = Mono|Any CPU
		{7CEC07F2-8C03-4C42-B048-738B215824C1}.Release|Any CPU.ActiveCfg = Release|Any CPU
		{7CEC07F2-8C03-4C42-B048-738B215824C1}.Release|Any CPU.Build.0 = Release|Any CPU
		{7CEC07F2-8C03-4C42-B048-738B215824C1}.ReleaseSigned|Any CPU.ActiveCfg = Release|Any CPU
		{7CEC07F2-8C03-4C42-B048-738B215824C1}.ReleaseSigned|Any CPU.Build.0 = Release|Any CPU
		{7CEC07F2-8C03-4C42-B048-738B215824C1}.Verbose|Any CPU.ActiveCfg = Verbose|Any CPU
		{7CEC07F2-8C03-4C42-B048-738B215824C1}.Verbose|Any CPU.Build.0 = Verbose|Any CPU
		{5821977D-AC2C-4912-BCD0-6E6B1A756167}.CodeAnalysis|Any CPU.ActiveCfg = ReleaseSigned|Any CPU
		{5821977D-AC2C-4912-BCD0-6E6B1A756167}.CodeAnalysis|Any CPU.Build.0 = ReleaseSigned|Any CPU
		{5821977D-AC2C-4912-BCD0-6E6B1A756167}.Debug|Any CPU.ActiveCfg = Debug|Any CPU
		{5821977D-AC2C-4912-BCD0-6E6B1A756167}.Debug|Any CPU.Build.0 = Debug|Any CPU
		{5821977D-AC2C-4912-BCD0-6E6B1A756167}.Log Output|Any CPU.ActiveCfg = ReleaseSigned|Any CPU
		{5821977D-AC2C-4912-BCD0-6E6B1A756167}.Log Output|Any CPU.Build.0 = ReleaseSigned|Any CPU
		{5821977D-AC2C-4912-BCD0-6E6B1A756167}.Mono|Any CPU.ActiveCfg = ReleaseSigned|Any CPU
		{5821977D-AC2C-4912-BCD0-6E6B1A756167}.Mono|Any CPU.Build.0 = ReleaseSigned|Any CPU
		{5821977D-AC2C-4912-BCD0-6E6B1A756167}.Release|Any CPU.ActiveCfg = Release|Any CPU
		{5821977D-AC2C-4912-BCD0-6E6B1A756167}.Release|Any CPU.Build.0 = Release|Any CPU
		{5821977D-AC2C-4912-BCD0-6E6B1A756167}.ReleaseSigned|Any CPU.ActiveCfg = ReleaseSigned|Any CPU
		{5821977D-AC2C-4912-BCD0-6E6B1A756167}.ReleaseSigned|Any CPU.Build.0 = ReleaseSigned|Any CPU
		{5821977D-AC2C-4912-BCD0-6E6B1A756167}.Verbose|Any CPU.ActiveCfg = ReleaseSigned|Any CPU
		{5821977D-AC2C-4912-BCD0-6E6B1A756167}.Verbose|Any CPU.Build.0 = ReleaseSigned|Any CPU
	EndGlobalSection
	GlobalSection(SolutionProperties) = preSolution
		HideSolutionNode = FALSE
	EndGlobalSection
	GlobalSection(NestedProjects) = preSolution
		{8F18041B-9410-4C36-A9C5-067813DF5F31} = {A9836F9E-6DB3-4D9F-ADCA-CF42D8C8BA93}
		{22BABB60-8F02-4027-AFFC-ACF069954536} = {A9836F9E-6DB3-4D9F-ADCA-CF42D8C8BA93}
		{76EFA9C5-8D7E-4FDF-B710-E20F8B6B00D2} = {A9836F9E-6DB3-4D9F-ADCA-CF42D8C8BA93}
		{9B7E3740-6161-4548-833C-4BBCA43B970E} = {A9836F9E-6DB3-4D9F-ADCA-CF42D8C8BA93}
		{0939B11A-FE4E-4BA1-8AD6-D97741EE314F} = {A9836F9E-6DB3-4D9F-ADCA-CF42D8C8BA93}
		{4D39BAAF-8A96-473E-AB79-C8A341885137} = {A9836F9E-6DB3-4D9F-ADCA-CF42D8C8BA93}
		{55A15F40-1435-4248-A7F2-2A146BB83586} = {A9836F9E-6DB3-4D9F-ADCA-CF42D8C8BA93}
		{0C7CE809-0F72-4C19-8C64-D6573E4D9521} = {A9836F9E-6DB3-4D9F-ADCA-CF42D8C8BA93}
		{C23F02FC-4538-43F5-ABBA-38BA069AEA8F} = {A9836F9E-6DB3-4D9F-ADCA-CF42D8C8BA93}
		{3D3FFD8A-624D-4E9B-954B-E1C105507975} = {A9836F9E-6DB3-4D9F-ADCA-CF42D8C8BA93}
		{D3CF7430-6DA4-42B0-BD90-CA39D16687B2} = {A9836F9E-6DB3-4D9F-ADCA-CF42D8C8BA93}
		{DDC1CE0C-486E-4E35-BB3B-EAB61F8F9440} = {A9836F9E-6DB3-4D9F-ADCA-CF42D8C8BA93}
		{668E9021-CE84-49D9-98FB-DF125A9FCDB0} = {A9836F9E-6DB3-4D9F-ADCA-CF42D8C8BA93}
		{66492E69-CE4C-4FB1-9B1F-88DEE09D06F1} = {A9836F9E-6DB3-4D9F-ADCA-CF42D8C8BA93}
		{A0187BC2-8325-4BB2-8697-7F955CF4173E} = {A9836F9E-6DB3-4D9F-ADCA-CF42D8C8BA93}
		{4CBFC7D3-1600-4CE5-BC6B-AC7BC2D6F853} = {A9836F9E-6DB3-4D9F-ADCA-CF42D8C8BA93}
		{FEDFE6CA-8282-4C5B-A756-E97189690982} = {A9836F9E-6DB3-4D9F-ADCA-CF42D8C8BA93}
		{6E81EF98-8F5C-4EED-8B37-456991CA56FD} = {A9836F9E-6DB3-4D9F-ADCA-CF42D8C8BA93}
		{8A607AC9-E7DD-4B74-A0B1-47FC95B9838B} = {A9836F9E-6DB3-4D9F-ADCA-CF42D8C8BA93}
		{66DD7CD7-C68F-4D0E-9F3D-3B58C49D1467} = {A9836F9E-6DB3-4D9F-ADCA-CF42D8C8BA93}
		{43C1B979-D593-4A32-BB3A-4316F1C66D66} = {A9836F9E-6DB3-4D9F-ADCA-CF42D8C8BA93}
		{25DEF6F6-7F99-4EB7-91ED-5181A346AFE1} = {A9836F9E-6DB3-4D9F-ADCA-CF42D8C8BA93}
		{821A136C-7C6F-44C6-A9E6-C39B5BFB1483} = {A9836F9E-6DB3-4D9F-ADCA-CF42D8C8BA93}
		{5821977D-AC2C-4912-BCD0-6E6B1A756167} = {A9836F9E-6DB3-4D9F-ADCA-CF42D8C8BA93}
	EndGlobalSection
EndGlobal
